
Microsoft Visual Studio Solution File, Format Version 12.00
# Visual Studio Version 16
VisualStudioVersion = 16.0.29209.62
MinimumVisualStudioVersion = 10.0.40219.1
Project("{9A19103F-16F7-4668-BE54-9A1E7A4F7556}") = "QuokkaCLI", "QuokkaCLI\QuokkaCLI.csproj", "{0949F86E-1EC0-4FEB-9A31-6022B389D012}"
EndProject
Project("{2150E333-8FDC-42A3-9474-1A3956D46DE8}") = "RTL", "RTL", "{49F137C7-01F3-4899-A365-F5E93A128425}"
EndProject
Project("{9A19103F-16F7-4668-BE54-9A1E7A4F7556}") = "RTL.Tests", "RTL\RTL.Tests\RTL.Tests.csproj", "{44E47688-AB6C-4CED-A3A0-65716C4BA0FC}"
EndProject
Project("{9A19103F-16F7-4668-BE54-9A1E7A4F7556}") = "RTL.Modules", "RTL\RTL.Modules\RTL.Modules.csproj", "{67E209B5-FC41-40BE-ACC2-49D991037F66}"
EndProject
Project("{9A19103F-16F7-4668-BE54-9A1E7A4F7556}") = "Quokka.RTL.Simulator", "RTL\Quokka.RTL.Simulator\Quokka.RTL.Simulator.csproj", "{7CC20352-F48A-4E6B-8F5C-F410C536F79F}"
EndProject
Global
	GlobalSection(SolutionConfigurationPlatforms) = preSolution
		Debug|Any CPU = Debug|Any CPU
		Release|Any CPU = Release|Any CPU
	EndGlobalSection
	GlobalSection(ProjectConfigurationPlatforms) = postSolution
		{0949F86E-1EC0-4FEB-9A31-6022B389D012}.Debug|Any CPU.ActiveCfg = Debug|Any CPU
		{0949F86E-1EC0-4FEB-9A31-6022B389D012}.Debug|Any CPU.Build.0 = Debug|Any CPU
		{0949F86E-1EC0-4FEB-9A31-6022B389D012}.Release|Any CPU.ActiveCfg = Release|Any CPU
		{0949F86E-1EC0-4FEB-9A31-6022B389D012}.Release|Any CPU.Build.0 = Release|Any CPU
		{44E47688-AB6C-4CED-A3A0-65716C4BA0FC}.Debug|Any CPU.ActiveCfg = Debug|Any CPU
		{44E47688-AB6C-4CED-A3A0-65716C4BA0FC}.Debug|Any CPU.Build.0 = Debug|Any CPU
		{44E47688-AB6C-4CED-A3A0-65716C4BA0FC}.Release|Any CPU.ActiveCfg = Release|Any CPU
		{44E47688-AB6C-4CED-A3A0-65716C4BA0FC}.Release|Any CPU.Build.0 = Release|Any CPU
		{67E209B5-FC41-40BE-ACC2-49D991037F66}.Debug|Any CPU.ActiveCfg = Debug|Any CPU
		{67E209B5-FC41-40BE-ACC2-49D991037F66}.Debug|Any CPU.Build.0 = Debug|Any CPU
		{67E209B5-FC41-40BE-ACC2-49D991037F66}.Release|Any CPU.ActiveCfg = Release|Any CPU
		{67E209B5-FC41-40BE-ACC2-49D991037F66}.Release|Any CPU.Build.0 = Release|Any CPU
		{7CC20352-F48A-4E6B-8F5C-F410C536F79F}.Debug|Any CPU.ActiveCfg = Debug|Any CPU
		{7CC20352-F48A-4E6B-8F5C-F410C536F79F}.Debug|Any CPU.Build.0 = Debug|Any CPU
		{7CC20352-F48A-4E6B-8F5C-F410C536F79F}.Release|Any CPU.ActiveCfg = Release|Any CPU
		{7CC20352-F48A-4E6B-8F5C-F410C536F79F}.Release|Any CPU.Build.0 = Release|Any CPU
	EndGlobalSection
	GlobalSection(SolutionProperties) = preSolution
		HideSolutionNode = FALSE
	EndGlobalSection
	GlobalSection(NestedProjects) = preSolution
		{44E47688-AB6C-4CED-A3A0-65716C4BA0FC} = {49F137C7-01F3-4899-A365-F5E93A128425}
		{67E209B5-FC41-40BE-ACC2-49D991037F66} = {49F137C7-01F3-4899-A365-F5E93A128425}
		{7CC20352-F48A-4E6B-8F5C-F410C536F79F} = {49F137C7-01F3-4899-A365-F5E93A128425}
	EndGlobalSection
	GlobalSection(ExtensibilityGlobals) = postSolution
		SolutionGuid = {0BE3F9BA-A23D-459E-8A7D-2D9F1612D011}
	EndGlobalSection
EndGlobal
