
Microsoft Visual Studio Solution File, Format Version 12.00
# Visual Studio Version 16
VisualStudioVersion = 16.0.29209.62
MinimumVisualStudioVersion = 10.0.40219.1
Project("{9A19103F-16F7-4668-BE54-9A1E7A4F7556}") = "SnakeGame", "SnakeGame\SnakeGame.csproj", "{5670E3B7-E161-4F38-A75C-CDB503537663}"
EndProject
Project("{9A19103F-16F7-4668-BE54-9A1E7A4F7556}") = "SnakeGame.Tests", "SnakeGame.Tests\SnakeGame.Tests.csproj", "{FA00D59C-1F64-4CB8-8316-AE7FA2B5E358}"
EndProject
Project("{9A19103F-16F7-4668-BE54-9A1E7A4F7556}") = "Drivers", "Drivers\Drivers.csproj", "{CE756A31-2D49-4521-AC44-B0801F325C0E}"
EndProject
Project("{9A19103F-16F7-4668-BE54-9A1E7A4F7556}") = "QuokkaCLI", "QuokkaCLI\QuokkaCLI.csproj", "{0949F86E-1EC0-4FEB-9A31-6022B389D012}"
EndProject
Project("{9A19103F-16F7-4668-BE54-9A1E7A4F7556}") = "FunctionalTest", "FunctionalTest\FunctionalTest.csproj", "{91095DB4-DB6D-4A3F-B2DF-FB0C93B63933}"
EndProject
Project("{9A19103F-16F7-4668-BE54-9A1E7A4F7556}") = "DTOs", "DTOs\DTOs.csproj", "{8AA114E8-861B-473C-9B1F-0711EFF0FD47}"
EndProject
Project("{9A19103F-16F7-4668-BE54-9A1E7A4F7556}") = "KeccakTest", "KeccakTest\KeccakTest.csproj", "{E5945998-CF53-4AC5-ADA6-9DB016811C73}"
EndProject
Project("{2150E333-8FDC-42A3-9474-1A3956D46DE8}") = "BumperHero", "BumperHero", "{AD04F1BA-CCD3-445C-9013-6CC1890E0A30}"
EndProject
Project("{9A19103F-16F7-4668-BE54-9A1E7A4F7556}") = "BHDto", "BumperHero\BHDto\BHDto.csproj", "{703B2DDC-55E6-428E-B8BA-3AB71AC491C0}"
EndProject
Project("{9A19103F-16F7-4668-BE54-9A1E7A4F7556}") = "BHDevice", "BumperHero\BHDevice\BHDevice.csproj", "{E02DC843-45E2-4C88-9AA2-41204CFC8210}"
EndProject
Project("{FAE04EC0-301F-11D3-BF4B-00C04F79EFBC}") = "BHMobile.Android", "BumperHero\BHMobile\BHMobile.Android\BHMobile.Android.csproj", "{DB593981-B5D7-483F-99FB-BEB357C97E56}"
EndProject
Project("{9A19103F-16F7-4668-BE54-9A1E7A4F7556}") = "BHMobile", "BumperHero\BHMobile\BHMobile\BHMobile.csproj", "{CA50F28C-93DD-41F9-B5D0-75DDCC083943}"
EndProject
Project("{2150E333-8FDC-42A3-9474-1A3956D46DE8}") = "SensorsBoard", "SensorsBoard", "{DC47C8BA-8157-4680-9FD9-24F406D80123}"
EndProject
Project("{9A19103F-16F7-4668-BE54-9A1E7A4F7556}") = "Device", "SensorsBoard\Device\Device.csproj", "{37B612F5-B0A3-4969-B773-6C9FAE0E8EDD}"
EndProject
Project("{2150E333-8FDC-42A3-9474-1A3956D46DE8}") = "ROT2U", "ROT2U", "{3D0AB5B5-64A9-4E1B-B57F-1B1B332B42CE}"
EndProject
Project("{2150E333-8FDC-42A3-9474-1A3956D46DE8}") = "ROT2UFE", "ROT2UFE", "{E7BA4897-CD9A-46B4-BAD4-CEAD1D869D99}"
	ProjectSection(SolutionItems) = preProject
		ROT2U\ROT2UFE\.gitignore = ROT2U\ROT2UFE\.gitignore
		ROT2U\ROT2UFE\.travis.yml = ROT2U\ROT2UFE\.travis.yml
		ROT2U\ROT2UFE\package.json = ROT2U\ROT2UFE\package.json
		ROT2U\ROT2UFE\README.md = ROT2U\ROT2UFE\README.md
		ROT2U\ROT2UFE\run.js = ROT2U\ROT2UFE\run.js
		ROT2U\ROT2UFE\tsconfig.json = ROT2U\ROT2UFE\tsconfig.json
		ROT2U\ROT2UFE\tslint.json = ROT2U\ROT2UFE\tslint.json
		ROT2U\ROT2UFE\webpack.config.js = ROT2U\ROT2UFE\webpack.config.js
		ROT2U\ROT2UFE\webpack.config.vendor.js = ROT2U\ROT2UFE\webpack.config.vendor.js
	EndProjectSection
EndProject
Project("{9A19103F-16F7-4668-BE54-9A1E7A4F7556}") = "ROT2UServer", "ROT2U\ROT2UFE\server\ROT2UServer.csproj", "{0D874BC7-3048-4EA2-827E-C9AC4B6A63BB}"
EndProject
Project("{9A19103F-16F7-4668-BE54-9A1E7A4F7556}") = "ROT2UDto", "ROT2U\ROT2UDto\ROT2UDto.csproj", "{A7CB81CB-158D-4EA2-B515-634E19AB279F}"
EndProject
Project("{2150E333-8FDC-42A3-9474-1A3956D46DE8}") = "Orbiter", "Orbiter", "{6BD1DFDA-B178-48CA-9505-C36D2066056D}"
EndProject
Project("{FAE04EC0-301F-11D3-BF4B-00C04F79EFBC}") = "OrbiterHost", "Orbiter\OrbiterHost\OrbiterHost.csproj", "{1F6C2C9F-9988-4898-B1DC-92CB0095730A}"
EndProject
Project("{9A19103F-16F7-4668-BE54-9A1E7A4F7556}") = "ROT2UDevice", "ROT2U\ROT2UDevice\ROT2UDevice.csproj", "{929B4EF1-065B-42D9-9F8D-970487BBE2F5}"
EndProject
Project("{9A19103F-16F7-4668-BE54-9A1E7A4F7556}") = "OrbiterDTO", "Orbiter\OrbiterDTO\OrbiterDTO.csproj", "{D01B72CE-D2D6-411D-A06C-EB696F2F9A34}"
EndProject
Project("{9A19103F-16F7-4668-BE54-9A1E7A4F7556}") = "OrbiterDevice", "Orbiter\OrbiterDevice\OrbiterDevice.csproj", "{C2CFEA5F-1AC2-4D8C-A657-1FBB01C25E45}"
EndProject
Project("{9A19103F-16F7-4668-BE54-9A1E7A4F7556}") = "Protobuf.UnitTests", "Protobuf.UnitTests\Protobuf.UnitTests.csproj", "{14F01DC4-B599-4B8C-BE2F-D8450BD8BD07}"
EndProject
Project("{9A19103F-16F7-4668-BE54-9A1E7A4F7556}") = "Fourier", "Fourier\Fourier.csproj", "{808D0577-B95E-433D-BADD-B385BE43CD1B}"
EndProject
Project("{9A19103F-16F7-4668-BE54-9A1E7A4F7556}") = "Fourier.Tests", "Fourier.Tests\Fourier.Tests.csproj", "{78180D24-78B8-4A21-8D0F-0C8D128D9F66}"
EndProject
Project("{2150E333-8FDC-42A3-9474-1A3956D46DE8}") = "DSP", "DSP", "{7EE97EC4-C185-440E-9BA4-4D3B9DF9D748}"
EndProject
Project("{9A19103F-16F7-4668-BE54-9A1E7A4F7556}") = "Indicators", "Indicators\Indicators.csproj", "{E52015F9-A796-42A4-9D47-8299C87CEEAE}"
EndProject
Project("{9A19103F-16F7-4668-BE54-9A1E7A4F7556}") = "Indicators.Tests", "Indicators.Tests\Indicators.Tests.csproj", "{4E2F755F-F751-493C-B67C-693A2D80D987}"
EndProject
Project("{2150E333-8FDC-42A3-9474-1A3956D46DE8}") = "Experimental", "Experimental", "{49F137C7-01F3-4899-A365-F5E93A128425}"
EndProject
Project("{9A19103F-16F7-4668-BE54-9A1E7A4F7556}") = "Experimental.Tests", "Experimental\Experimental.Tests\Experimental.Tests.csproj", "{44E47688-AB6C-4CED-A3A0-65716C4BA0FC}"
EndProject
Project("{9A19103F-16F7-4668-BE54-9A1E7A4F7556}") = "Experimental.LowLevel", "Experimental\Experimental.LowLevel\Experimental.LowLevel.csproj", "{67E209B5-FC41-40BE-ACC2-49D991037F66}"
EndProject
Project("{2150E333-8FDC-42A3-9474-1A3956D46DE8}") = "VRCamera", "VRCamera", "{A5E1BA5C-7BBF-437C-A550-0E08139AEACF}"
EndProject
Project("{9A19103F-16F7-4668-BE54-9A1E7A4F7556}") = "VRCameraController", "VRCamera\VRCameraController\VRCameraController.csproj", "{64B92D3E-B7CB-45CE-8403-E36EF6BA37C5}"
EndProject
Project("{2150E333-8FDC-42A3-9474-1A3956D46DE8}") = "SunTracker", "SunTracker", "{72179056-9713-4EDB-A6E3-E5913E5DC76D}"
EndProject
Project("{9A19103F-16F7-4668-BE54-9A1E7A4F7556}") = "SunTrackerDevice", "SunTracker\SunTrackerDevice\SunTrackerDevice.csproj", "{A1B54077-6637-4358-B74D-79C43D022754}"
EndProject
Project("{9A19103F-16F7-4668-BE54-9A1E7A4F7556}") = "SunTracker.Calibrate", "SunTracker\SunTracker.Calibrate\SunTracker.Calibrate.csproj", "{176A9E02-AA59-4344-A33B-9530BC8464CE}"
EndProject
Project("{9A19103F-16F7-4668-BE54-9A1E7A4F7556}") = "SunTracker.Web", "SunTracker\SunTracker.Web\SunTracker.Web.csproj", "{71020B20-9626-4B63-88EC-3B0CC4E2BADA}"
EndProject
Project("{2150E333-8FDC-42A3-9474-1A3956D46DE8}") = "Trigonometry", "Trigonometry", "{D8133AB5-E6CA-490E-B708-FDA87F7393BF}"
EndProject
Project("{9A19103F-16F7-4668-BE54-9A1E7A4F7556}") = "FPGA.Trigonometry", "Trigonometry\FPGA.Trigonometry\FPGA.Trigonometry.csproj", "{A6E0919D-A4C0-4E3A-902C-CC59C2D34A84}"
EndProject
Project("{9A19103F-16F7-4668-BE54-9A1E7A4F7556}") = "FPGA.Trigonometry.Controllers", "Trigonometry\FPGA.Trigonometry.Controllers\FPGA.Trigonometry.Controllers.csproj", "{536D68CF-62A6-4F09-A650-BD992676324B}"
EndProject
Project("{9A19103F-16F7-4668-BE54-9A1E7A4F7556}") = "FPGA.Trigonometry.Tests", "Trigonometry\FPGA.Trigonometry.Tests\FPGA.Trigonometry.Tests.csproj", "{1BA9379D-204E-4433-A19A-A05F59784963}"
EndProject
Global
	GlobalSection(SolutionConfigurationPlatforms) = preSolution
		Debug|Any CPU = Debug|Any CPU
		Release|Any CPU = Release|Any CPU
	EndGlobalSection
	GlobalSection(ProjectConfigurationPlatforms) = postSolution
		{5670E3B7-E161-4F38-A75C-CDB503537663}.Debug|Any CPU.ActiveCfg = Debug|Any CPU
		{5670E3B7-E161-4F38-A75C-CDB503537663}.Debug|Any CPU.Build.0 = Debug|Any CPU
		{5670E3B7-E161-4F38-A75C-CDB503537663}.Release|Any CPU.ActiveCfg = Release|Any CPU
		{5670E3B7-E161-4F38-A75C-CDB503537663}.Release|Any CPU.Build.0 = Release|Any CPU
		{FA00D59C-1F64-4CB8-8316-AE7FA2B5E358}.Debug|Any CPU.ActiveCfg = Debug|Any CPU
		{FA00D59C-1F64-4CB8-8316-AE7FA2B5E358}.Debug|Any CPU.Build.0 = Debug|Any CPU
		{FA00D59C-1F64-4CB8-8316-AE7FA2B5E358}.Release|Any CPU.ActiveCfg = Release|Any CPU
		{FA00D59C-1F64-4CB8-8316-AE7FA2B5E358}.Release|Any CPU.Build.0 = Release|Any CPU
		{CE756A31-2D49-4521-AC44-B0801F325C0E}.Debug|Any CPU.ActiveCfg = Debug|Any CPU
		{CE756A31-2D49-4521-AC44-B0801F325C0E}.Debug|Any CPU.Build.0 = Debug|Any CPU
		{CE756A31-2D49-4521-AC44-B0801F325C0E}.Release|Any CPU.ActiveCfg = Release|Any CPU
		{CE756A31-2D49-4521-AC44-B0801F325C0E}.Release|Any CPU.Build.0 = Release|Any CPU
		{0949F86E-1EC0-4FEB-9A31-6022B389D012}.Debug|Any CPU.ActiveCfg = Debug|Any CPU
		{0949F86E-1EC0-4FEB-9A31-6022B389D012}.Debug|Any CPU.Build.0 = Debug|Any CPU
		{0949F86E-1EC0-4FEB-9A31-6022B389D012}.Release|Any CPU.ActiveCfg = Release|Any CPU
		{0949F86E-1EC0-4FEB-9A31-6022B389D012}.Release|Any CPU.Build.0 = Release|Any CPU
		{91095DB4-DB6D-4A3F-B2DF-FB0C93B63933}.Debug|Any CPU.ActiveCfg = Debug|Any CPU
		{91095DB4-DB6D-4A3F-B2DF-FB0C93B63933}.Debug|Any CPU.Build.0 = Debug|Any CPU
		{91095DB4-DB6D-4A3F-B2DF-FB0C93B63933}.Release|Any CPU.ActiveCfg = Release|Any CPU
		{91095DB4-DB6D-4A3F-B2DF-FB0C93B63933}.Release|Any CPU.Build.0 = Release|Any CPU
		{8AA114E8-861B-473C-9B1F-0711EFF0FD47}.Debug|Any CPU.ActiveCfg = Debug|Any CPU
		{8AA114E8-861B-473C-9B1F-0711EFF0FD47}.Debug|Any CPU.Build.0 = Debug|Any CPU
		{8AA114E8-861B-473C-9B1F-0711EFF0FD47}.Release|Any CPU.ActiveCfg = Release|Any CPU
		{8AA114E8-861B-473C-9B1F-0711EFF0FD47}.Release|Any CPU.Build.0 = Release|Any CPU
		{E5945998-CF53-4AC5-ADA6-9DB016811C73}.Debug|Any CPU.ActiveCfg = Debug|Any CPU
		{E5945998-CF53-4AC5-ADA6-9DB016811C73}.Debug|Any CPU.Build.0 = Debug|Any CPU
		{E5945998-CF53-4AC5-ADA6-9DB016811C73}.Release|Any CPU.ActiveCfg = Release|Any CPU
		{E5945998-CF53-4AC5-ADA6-9DB016811C73}.Release|Any CPU.Build.0 = Release|Any CPU
		{703B2DDC-55E6-428E-B8BA-3AB71AC491C0}.Debug|Any CPU.ActiveCfg = Debug|Any CPU
		{703B2DDC-55E6-428E-B8BA-3AB71AC491C0}.Debug|Any CPU.Build.0 = Debug|Any CPU
		{703B2DDC-55E6-428E-B8BA-3AB71AC491C0}.Release|Any CPU.ActiveCfg = Release|Any CPU
		{703B2DDC-55E6-428E-B8BA-3AB71AC491C0}.Release|Any CPU.Build.0 = Release|Any CPU
		{E02DC843-45E2-4C88-9AA2-41204CFC8210}.Debug|Any CPU.ActiveCfg = Debug|Any CPU
		{E02DC843-45E2-4C88-9AA2-41204CFC8210}.Debug|Any CPU.Build.0 = Debug|Any CPU
		{E02DC843-45E2-4C88-9AA2-41204CFC8210}.Release|Any CPU.ActiveCfg = Release|Any CPU
		{E02DC843-45E2-4C88-9AA2-41204CFC8210}.Release|Any CPU.Build.0 = Release|Any CPU
		{DB593981-B5D7-483F-99FB-BEB357C97E56}.Debug|Any CPU.ActiveCfg = Debug|Any CPU
		{DB593981-B5D7-483F-99FB-BEB357C97E56}.Debug|Any CPU.Build.0 = Debug|Any CPU
		{DB593981-B5D7-483F-99FB-BEB357C97E56}.Debug|Any CPU.Deploy.0 = Debug|Any CPU
		{DB593981-B5D7-483F-99FB-BEB357C97E56}.Release|Any CPU.ActiveCfg = Release|Any CPU
		{DB593981-B5D7-483F-99FB-BEB357C97E56}.Release|Any CPU.Build.0 = Release|Any CPU
		{DB593981-B5D7-483F-99FB-BEB357C97E56}.Release|Any CPU.Deploy.0 = Release|Any CPU
		{CA50F28C-93DD-41F9-B5D0-75DDCC083943}.Debug|Any CPU.ActiveCfg = Debug|Any CPU
		{CA50F28C-93DD-41F9-B5D0-75DDCC083943}.Debug|Any CPU.Build.0 = Debug|Any CPU
		{CA50F28C-93DD-41F9-B5D0-75DDCC083943}.Release|Any CPU.ActiveCfg = Release|Any CPU
		{CA50F28C-93DD-41F9-B5D0-75DDCC083943}.Release|Any CPU.Build.0 = Release|Any CPU
		{37B612F5-B0A3-4969-B773-6C9FAE0E8EDD}.Debug|Any CPU.ActiveCfg = Debug|Any CPU
		{37B612F5-B0A3-4969-B773-6C9FAE0E8EDD}.Debug|Any CPU.Build.0 = Debug|Any CPU
		{37B612F5-B0A3-4969-B773-6C9FAE0E8EDD}.Release|Any CPU.ActiveCfg = Release|Any CPU
		{37B612F5-B0A3-4969-B773-6C9FAE0E8EDD}.Release|Any CPU.Build.0 = Release|Any CPU
		{0D874BC7-3048-4EA2-827E-C9AC4B6A63BB}.Debug|Any CPU.ActiveCfg = Debug|Any CPU
		{0D874BC7-3048-4EA2-827E-C9AC4B6A63BB}.Debug|Any CPU.Build.0 = Debug|Any CPU
		{0D874BC7-3048-4EA2-827E-C9AC4B6A63BB}.Release|Any CPU.ActiveCfg = Release|Any CPU
		{0D874BC7-3048-4EA2-827E-C9AC4B6A63BB}.Release|Any CPU.Build.0 = Release|Any CPU
		{A7CB81CB-158D-4EA2-B515-634E19AB279F}.Debug|Any CPU.ActiveCfg = Debug|Any CPU
		{A7CB81CB-158D-4EA2-B515-634E19AB279F}.Debug|Any CPU.Build.0 = Debug|Any CPU
		{A7CB81CB-158D-4EA2-B515-634E19AB279F}.Release|Any CPU.ActiveCfg = Release|Any CPU
		{A7CB81CB-158D-4EA2-B515-634E19AB279F}.Release|Any CPU.Build.0 = Release|Any CPU
		{1F6C2C9F-9988-4898-B1DC-92CB0095730A}.Debug|Any CPU.ActiveCfg = Debug|Any CPU
		{1F6C2C9F-9988-4898-B1DC-92CB0095730A}.Debug|Any CPU.Build.0 = Debug|Any CPU
		{1F6C2C9F-9988-4898-B1DC-92CB0095730A}.Release|Any CPU.ActiveCfg = Release|Any CPU
		{1F6C2C9F-9988-4898-B1DC-92CB0095730A}.Release|Any CPU.Build.0 = Release|Any CPU
		{929B4EF1-065B-42D9-9F8D-970487BBE2F5}.Debug|Any CPU.ActiveCfg = Debug|Any CPU
		{929B4EF1-065B-42D9-9F8D-970487BBE2F5}.Debug|Any CPU.Build.0 = Debug|Any CPU
		{929B4EF1-065B-42D9-9F8D-970487BBE2F5}.Release|Any CPU.ActiveCfg = Release|Any CPU
		{929B4EF1-065B-42D9-9F8D-970487BBE2F5}.Release|Any CPU.Build.0 = Release|Any CPU
		{D01B72CE-D2D6-411D-A06C-EB696F2F9A34}.Debug|Any CPU.ActiveCfg = Debug|Any CPU
		{D01B72CE-D2D6-411D-A06C-EB696F2F9A34}.Debug|Any CPU.Build.0 = Debug|Any CPU
		{D01B72CE-D2D6-411D-A06C-EB696F2F9A34}.Release|Any CPU.ActiveCfg = Release|Any CPU
		{D01B72CE-D2D6-411D-A06C-EB696F2F9A34}.Release|Any CPU.Build.0 = Release|Any CPU
		{C2CFEA5F-1AC2-4D8C-A657-1FBB01C25E45}.Debug|Any CPU.ActiveCfg = Debug|Any CPU
		{C2CFEA5F-1AC2-4D8C-A657-1FBB01C25E45}.Debug|Any CPU.Build.0 = Debug|Any CPU
		{C2CFEA5F-1AC2-4D8C-A657-1FBB01C25E45}.Release|Any CPU.ActiveCfg = Release|Any CPU
		{C2CFEA5F-1AC2-4D8C-A657-1FBB01C25E45}.Release|Any CPU.Build.0 = Release|Any CPU
		{14F01DC4-B599-4B8C-BE2F-D8450BD8BD07}.Debug|Any CPU.ActiveCfg = Debug|Any CPU
		{14F01DC4-B599-4B8C-BE2F-D8450BD8BD07}.Debug|Any CPU.Build.0 = Debug|Any CPU
		{14F01DC4-B599-4B8C-BE2F-D8450BD8BD07}.Release|Any CPU.ActiveCfg = Release|Any CPU
		{14F01DC4-B599-4B8C-BE2F-D8450BD8BD07}.Release|Any CPU.Build.0 = Release|Any CPU
		{808D0577-B95E-433D-BADD-B385BE43CD1B}.Debug|Any CPU.ActiveCfg = Debug|Any CPU
		{808D0577-B95E-433D-BADD-B385BE43CD1B}.Debug|Any CPU.Build.0 = Debug|Any CPU
		{808D0577-B95E-433D-BADD-B385BE43CD1B}.Release|Any CPU.ActiveCfg = Release|Any CPU
		{808D0577-B95E-433D-BADD-B385BE43CD1B}.Release|Any CPU.Build.0 = Release|Any CPU
		{78180D24-78B8-4A21-8D0F-0C8D128D9F66}.Debug|Any CPU.ActiveCfg = Debug|Any CPU
		{78180D24-78B8-4A21-8D0F-0C8D128D9F66}.Debug|Any CPU.Build.0 = Debug|Any CPU
		{78180D24-78B8-4A21-8D0F-0C8D128D9F66}.Release|Any CPU.ActiveCfg = Release|Any CPU
		{78180D24-78B8-4A21-8D0F-0C8D128D9F66}.Release|Any CPU.Build.0 = Release|Any CPU
		{E52015F9-A796-42A4-9D47-8299C87CEEAE}.Debug|Any CPU.ActiveCfg = Debug|Any CPU
		{E52015F9-A796-42A4-9D47-8299C87CEEAE}.Debug|Any CPU.Build.0 = Debug|Any CPU
		{E52015F9-A796-42A4-9D47-8299C87CEEAE}.Release|Any CPU.ActiveCfg = Release|Any CPU
		{E52015F9-A796-42A4-9D47-8299C87CEEAE}.Release|Any CPU.Build.0 = Release|Any CPU
		{4E2F755F-F751-493C-B67C-693A2D80D987}.Debug|Any CPU.ActiveCfg = Debug|Any CPU
		{4E2F755F-F751-493C-B67C-693A2D80D987}.Debug|Any CPU.Build.0 = Debug|Any CPU
		{4E2F755F-F751-493C-B67C-693A2D80D987}.Release|Any CPU.ActiveCfg = Release|Any CPU
		{4E2F755F-F751-493C-B67C-693A2D80D987}.Release|Any CPU.Build.0 = Release|Any CPU
		{44E47688-AB6C-4CED-A3A0-65716C4BA0FC}.Debug|Any CPU.ActiveCfg = Debug|Any CPU
		{44E47688-AB6C-4CED-A3A0-65716C4BA0FC}.Debug|Any CPU.Build.0 = Debug|Any CPU
		{44E47688-AB6C-4CED-A3A0-65716C4BA0FC}.Release|Any CPU.ActiveCfg = Release|Any CPU
		{44E47688-AB6C-4CED-A3A0-65716C4BA0FC}.Release|Any CPU.Build.0 = Release|Any CPU
		{67E209B5-FC41-40BE-ACC2-49D991037F66}.Debug|Any CPU.ActiveCfg = Debug|Any CPU
		{67E209B5-FC41-40BE-ACC2-49D991037F66}.Debug|Any CPU.Build.0 = Debug|Any CPU
		{67E209B5-FC41-40BE-ACC2-49D991037F66}.Release|Any CPU.ActiveCfg = Release|Any CPU
		{67E209B5-FC41-40BE-ACC2-49D991037F66}.Release|Any CPU.Build.0 = Release|Any CPU
		{64B92D3E-B7CB-45CE-8403-E36EF6BA37C5}.Debug|Any CPU.ActiveCfg = Debug|Any CPU
		{64B92D3E-B7CB-45CE-8403-E36EF6BA37C5}.Debug|Any CPU.Build.0 = Debug|Any CPU
		{64B92D3E-B7CB-45CE-8403-E36EF6BA37C5}.Release|Any CPU.ActiveCfg = Release|Any CPU
		{64B92D3E-B7CB-45CE-8403-E36EF6BA37C5}.Release|Any CPU.Build.0 = Release|Any CPU
		{A1B54077-6637-4358-B74D-79C43D022754}.Debug|Any CPU.ActiveCfg = Debug|Any CPU
		{A1B54077-6637-4358-B74D-79C43D022754}.Debug|Any CPU.Build.0 = Debug|Any CPU
		{A1B54077-6637-4358-B74D-79C43D022754}.Release|Any CPU.ActiveCfg = Release|Any CPU
		{A1B54077-6637-4358-B74D-79C43D022754}.Release|Any CPU.Build.0 = Release|Any CPU
		{176A9E02-AA59-4344-A33B-9530BC8464CE}.Debug|Any CPU.ActiveCfg = Debug|Any CPU
		{176A9E02-AA59-4344-A33B-9530BC8464CE}.Debug|Any CPU.Build.0 = Debug|Any CPU
		{176A9E02-AA59-4344-A33B-9530BC8464CE}.Release|Any CPU.ActiveCfg = Release|Any CPU
		{176A9E02-AA59-4344-A33B-9530BC8464CE}.Release|Any CPU.Build.0 = Release|Any CPU
		{71020B20-9626-4B63-88EC-3B0CC4E2BADA}.Debug|Any CPU.ActiveCfg = Debug|Any CPU
		{71020B20-9626-4B63-88EC-3B0CC4E2BADA}.Debug|Any CPU.Build.0 = Debug|Any CPU
		{71020B20-9626-4B63-88EC-3B0CC4E2BADA}.Release|Any CPU.ActiveCfg = Release|Any CPU
		{71020B20-9626-4B63-88EC-3B0CC4E2BADA}.Release|Any CPU.Build.0 = Release|Any CPU
		{A6E0919D-A4C0-4E3A-902C-CC59C2D34A84}.Debug|Any CPU.ActiveCfg = Debug|Any CPU
		{A6E0919D-A4C0-4E3A-902C-CC59C2D34A84}.Debug|Any CPU.Build.0 = Debug|Any CPU
		{A6E0919D-A4C0-4E3A-902C-CC59C2D34A84}.Release|Any CPU.ActiveCfg = Release|Any CPU
		{A6E0919D-A4C0-4E3A-902C-CC59C2D34A84}.Release|Any CPU.Build.0 = Release|Any CPU
		{536D68CF-62A6-4F09-A650-BD992676324B}.Debug|Any CPU.ActiveCfg = Debug|Any CPU
		{536D68CF-62A6-4F09-A650-BD992676324B}.Debug|Any CPU.Build.0 = Debug|Any CPU
		{536D68CF-62A6-4F09-A650-BD992676324B}.Release|Any CPU.ActiveCfg = Release|Any CPU
		{536D68CF-62A6-4F09-A650-BD992676324B}.Release|Any CPU.Build.0 = Release|Any CPU
		{1BA9379D-204E-4433-A19A-A05F59784963}.Debug|Any CPU.ActiveCfg = Debug|Any CPU
		{1BA9379D-204E-4433-A19A-A05F59784963}.Debug|Any CPU.Build.0 = Debug|Any CPU
		{1BA9379D-204E-4433-A19A-A05F59784963}.Release|Any CPU.ActiveCfg = Release|Any CPU
		{1BA9379D-204E-4433-A19A-A05F59784963}.Release|Any CPU.Build.0 = Release|Any CPU
	EndGlobalSection
	GlobalSection(SolutionProperties) = preSolution
		HideSolutionNode = FALSE
	EndGlobalSection
	GlobalSection(NestedProjects) = preSolution
		{703B2DDC-55E6-428E-B8BA-3AB71AC491C0} = {AD04F1BA-CCD3-445C-9013-6CC1890E0A30}
		{E02DC843-45E2-4C88-9AA2-41204CFC8210} = {AD04F1BA-CCD3-445C-9013-6CC1890E0A30}
		{DB593981-B5D7-483F-99FB-BEB357C97E56} = {AD04F1BA-CCD3-445C-9013-6CC1890E0A30}
		{CA50F28C-93DD-41F9-B5D0-75DDCC083943} = {AD04F1BA-CCD3-445C-9013-6CC1890E0A30}
		{37B612F5-B0A3-4969-B773-6C9FAE0E8EDD} = {DC47C8BA-8157-4680-9FD9-24F406D80123}
		{E7BA4897-CD9A-46B4-BAD4-CEAD1D869D99} = {3D0AB5B5-64A9-4E1B-B57F-1B1B332B42CE}
		{0D874BC7-3048-4EA2-827E-C9AC4B6A63BB} = {E7BA4897-CD9A-46B4-BAD4-CEAD1D869D99}
		{A7CB81CB-158D-4EA2-B515-634E19AB279F} = {3D0AB5B5-64A9-4E1B-B57F-1B1B332B42CE}
		{1F6C2C9F-9988-4898-B1DC-92CB0095730A} = {6BD1DFDA-B178-48CA-9505-C36D2066056D}
		{929B4EF1-065B-42D9-9F8D-970487BBE2F5} = {3D0AB5B5-64A9-4E1B-B57F-1B1B332B42CE}
		{D01B72CE-D2D6-411D-A06C-EB696F2F9A34} = {6BD1DFDA-B178-48CA-9505-C36D2066056D}
		{C2CFEA5F-1AC2-4D8C-A657-1FBB01C25E45} = {6BD1DFDA-B178-48CA-9505-C36D2066056D}
		{808D0577-B95E-433D-BADD-B385BE43CD1B} = {7EE97EC4-C185-440E-9BA4-4D3B9DF9D748}
		{78180D24-78B8-4A21-8D0F-0C8D128D9F66} = {7EE97EC4-C185-440E-9BA4-4D3B9DF9D748}
		{44E47688-AB6C-4CED-A3A0-65716C4BA0FC} = {49F137C7-01F3-4899-A365-F5E93A128425}
		{67E209B5-FC41-40BE-ACC2-49D991037F66} = {49F137C7-01F3-4899-A365-F5E93A128425}
		{64B92D3E-B7CB-45CE-8403-E36EF6BA37C5} = {A5E1BA5C-7BBF-437C-A550-0E08139AEACF}
		{A1B54077-6637-4358-B74D-79C43D022754} = {72179056-9713-4EDB-A6E3-E5913E5DC76D}
		{176A9E02-AA59-4344-A33B-9530BC8464CE} = {72179056-9713-4EDB-A6E3-E5913E5DC76D}
		{71020B20-9626-4B63-88EC-3B0CC4E2BADA} = {72179056-9713-4EDB-A6E3-E5913E5DC76D}
		{A6E0919D-A4C0-4E3A-902C-CC59C2D34A84} = {D8133AB5-E6CA-490E-B708-FDA87F7393BF}
		{536D68CF-62A6-4F09-A650-BD992676324B} = {D8133AB5-E6CA-490E-B708-FDA87F7393BF}
		{1BA9379D-204E-4433-A19A-A05F59784963} = {D8133AB5-E6CA-490E-B708-FDA87F7393BF}
	EndGlobalSection
	GlobalSection(ExtensibilityGlobals) = postSolution
		SolutionGuid = {0BE3F9BA-A23D-459E-8A7D-2D9F1612D011}
	EndGlobalSection
EndGlobal
