
Microsoft Visual Studio Solution File, Format Version 12.00
# Visual Studio 15
VisualStudioVersion = 15.0.27428.2043
MinimumVisualStudioVersion = 10.0.40219.1
Project("{FAE04EC0-301F-11D3-BF4B-00C04F79EFBC}") = "SnakeGame", "SnakeGame\SnakeGame.csproj", "{5670E3B7-E161-4F38-A75C-CDB503537663}"
EndProject
Global
	GlobalSection(SolutionConfigurationPlatforms) = preSolution
		Debug|Any CPU = Debug|Any CPU
		Release|Any CPU = Release|Any CPU
	EndGlobalSection
	GlobalSection(ProjectConfigurationPlatforms) = postSolution
		{5670E3B7-E161-4F38-A75C-CDB503537663}.Debug|Any CPU.ActiveCfg = Debug|Any CPU
		{5670E3B7-E161-4F38-A75C-CDB503537663}.Debug|Any CPU.Build.0 = Debug|Any CPU
		{5670E3B7-E161-4F38-A75C-CDB503537663}.Release|Any CPU.ActiveCfg = Release|Any CPU
		{5670E3B7-E161-4F38-A75C-CDB503537663}.Release|Any CPU.Build.0 = Release|Any CPU
	EndGlobalSection
	GlobalSection(SolutionProperties) = preSolution
		HideSolutionNode = FALSE
	EndGlobalSection
	GlobalSection(ExtensibilityGlobals) = postSolution
		SolutionGuid = {0BE3F9BA-A23D-459E-8A7D-2D9F1612D011}
	EndGlobalSection
EndGlobal
